
Microsoft Visual Studio Solution File, Format Version 12.00
# Visual Studio Version 16
VisualStudioVersion = 16.0.30104.148
MinimumVisualStudioVersion = 10.0.40219.1
Project("{2150E333-8FDC-42A3-9474-1A3956D46DE8}") = "src", "src", "{843C8ED0-4792-40E0-8903-A3E5FF74A0A3}"
EndProject
Project("{2150E333-8FDC-42A3-9474-1A3956D46DE8}") = "test", "test", "{AE749C50-94C1-445C-B13F-E9D19372CBDB}"
EndProject
Project("{2150E333-8FDC-42A3-9474-1A3956D46DE8}") = "Solution Items", "Solution Items", "{11D063CA-B13E-4EFB-9000-A47BA4B2AEC7}"
	ProjectSection(SolutionItems) = preProject
		.gitignore = .gitignore
		global.json = global.json
		GlobalAssemblyInfo.cs = GlobalAssemblyInfo.cs
	EndProjectSection
EndProject
Project("{9A19103F-16F7-4668-BE54-9A1E7A4F7556}") = "Greentube.Monitoring", "src\Greentube.Monitoring\Greentube.Monitoring.csproj", "{2BB29E61-02DD-4745-A3A2-145711D5FFB8}"
EndProject
Project("{9A19103F-16F7-4668-BE54-9A1E7A4F7556}") = "Greentube.Monitoring.MongoDB", "src\Greentube.Monitoring.MongoDB\Greentube.Monitoring.MongoDB.csproj", "{5D358A61-8266-4739-845D-E6E973B71995}"
EndProject
Project("{9A19103F-16F7-4668-BE54-9A1E7A4F7556}") = "Greentube.Monitoring.Redis", "src\Greentube.Monitoring.Redis\Greentube.Monitoring.Redis.csproj", "{78A6706F-599A-4CBD-B867-C6FE053788D3}"
EndProject
Project("{9A19103F-16F7-4668-BE54-9A1E7A4F7556}") = "Greentube.Monitoring.MongoDB.Tests", "test\Greentube.Monitoring.MongoDB.Tests\Greentube.Monitoring.MongoDB.Tests.csproj", "{3AB84CBA-75AF-4027-A398-0AB8CD4C004E}"
EndProject
Project("{9A19103F-16F7-4668-BE54-9A1E7A4F7556}") = "Greentube.Monitoring.Redis.Tests", "test\Greentube.Monitoring.Redis.Tests\Greentube.Monitoring.Redis.Tests.csproj", "{FF559CD8-5FFE-4460-A6BC-84F8F7A05CB7}"
EndProject
Project("{9A19103F-16F7-4668-BE54-9A1E7A4F7556}") = "Greentube.Monitoring.Tests", "test\Greentube.Monitoring.Tests\Greentube.Monitoring.Tests.csproj", "{06356707-146F-48F7-9C18-7E5D3D67E765}"
EndProject
Project("{9A19103F-16F7-4668-BE54-9A1E7A4F7556}") = "Greentube.Monitoring.AspNetCore", "src\Greentube.Monitoring.AspNetCore\Greentube.Monitoring.AspNetCore.csproj", "{6A43C6FD-75F7-4955-847E-E7F189859244}"
EndProject
Project("{9A19103F-16F7-4668-BE54-9A1E7A4F7556}") = "Greentube.Monitoring.AspNetCore.Tests", "test\Greentube.Monitoring.AspNetCore.Tests\Greentube.Monitoring.AspNetCore.Tests.csproj", "{B497DFCD-FAA7-4F48-B4F5-92B308E1C3E5}"
EndProject
Project("{9A19103F-16F7-4668-BE54-9A1E7A4F7556}") = "Greentube.Monitoring.SqlDb", "src\Greentube.Monitoring.SqlDb\Greentube.Monitoring.SqlDb.csproj", "{53B1F8D7-0F01-4AD4-8A71-741E9592BCB0}"
EndProject
Project("{9A19103F-16F7-4668-BE54-9A1E7A4F7556}") = "Greentube.Monitoring.SqlDb.Tests", "test\Greentube.Monitoring.SqlDb.Tests\Greentube.Monitoring.SqlDb.Tests.csproj", "{C87AE9B3-AEF3-4989-B6E6-DDE0CE181C40}"
EndProject
Project("{9A19103F-16F7-4668-BE54-9A1E7A4F7556}") = "Greentube.Monitoring.Apache.NMS.ActiveMq", "src\Greentube.Monitoring.Apache.NMS.ActiveMq\Greentube.Monitoring.Apache.NMS.ActiveMq.csproj", "{D5DEE9C7-0A0A-4789-BD75-F78F5037C69A}"
EndProject
Project("{9A19103F-16F7-4668-BE54-9A1E7A4F7556}") = "Greentube.Monitoring.Apache.NMS.ActiveMq.Tests", "test\Greentube.Monitoring.Apache.NMS.ActiveMq.Tests\Greentube.Monitoring.Apache.NMS.ActiveMq.Tests.csproj", "{DA5A72B9-EEED-4CFF-97A4-C5FE6BC90FB6}"
EndProject
Project("{9A19103F-16F7-4668-BE54-9A1E7A4F7556}") = "Greentube.Monitoring.IntegrationTests", "test\Greentube.Monitoring.IntegrationTests\Greentube.Monitoring.IntegrationTests.csproj", "{B9FAE3D9-FB45-479B-ADAE-5A81B0EED0A8}"
EndProject
Project("{FAE04EC0-301F-11D3-BF4B-00C04F79EFBC}") = "Greentube.Monitoring.InternalResource", "src\Greentube.Monitoring.InternalResource\Greentube.Monitoring.InternalResource.csproj", "{6C953298-9D57-49A7-8123-C110A99EADA6}"
EndProject
Global
	GlobalSection(SolutionConfigurationPlatforms) = preSolution
		Coverage|Any CPU = Coverage|Any CPU
		Debug|Any CPU = Debug|Any CPU
		Release|Any CPU = Release|Any CPU
	EndGlobalSection
	GlobalSection(ProjectConfigurationPlatforms) = postSolution
		{2BB29E61-02DD-4745-A3A2-145711D5FFB8}.Coverage|Any CPU.ActiveCfg = Coverage|Any CPU
		{2BB29E61-02DD-4745-A3A2-145711D5FFB8}.Coverage|Any CPU.Build.0 = Coverage|Any CPU
		{2BB29E61-02DD-4745-A3A2-145711D5FFB8}.Debug|Any CPU.ActiveCfg = Debug|Any CPU
		{2BB29E61-02DD-4745-A3A2-145711D5FFB8}.Debug|Any CPU.Build.0 = Debug|Any CPU
		{2BB29E61-02DD-4745-A3A2-145711D5FFB8}.Release|Any CPU.ActiveCfg = Release|Any CPU
		{2BB29E61-02DD-4745-A3A2-145711D5FFB8}.Release|Any CPU.Build.0 = Release|Any CPU
		{5D358A61-8266-4739-845D-E6E973B71995}.Coverage|Any CPU.ActiveCfg = Coverage|Any CPU
		{5D358A61-8266-4739-845D-E6E973B71995}.Coverage|Any CPU.Build.0 = Coverage|Any CPU
		{5D358A61-8266-4739-845D-E6E973B71995}.Debug|Any CPU.ActiveCfg = Debug|Any CPU
		{5D358A61-8266-4739-845D-E6E973B71995}.Debug|Any CPU.Build.0 = Debug|Any CPU
		{5D358A61-8266-4739-845D-E6E973B71995}.Release|Any CPU.ActiveCfg = Release|Any CPU
		{5D358A61-8266-4739-845D-E6E973B71995}.Release|Any CPU.Build.0 = Release|Any CPU
		{78A6706F-599A-4CBD-B867-C6FE053788D3}.Coverage|Any CPU.ActiveCfg = Coverage|Any CPU
		{78A6706F-599A-4CBD-B867-C6FE053788D3}.Coverage|Any CPU.Build.0 = Coverage|Any CPU
		{78A6706F-599A-4CBD-B867-C6FE053788D3}.Debug|Any CPU.ActiveCfg = Debug|Any CPU
		{78A6706F-599A-4CBD-B867-C6FE053788D3}.Debug|Any CPU.Build.0 = Debug|Any CPU
		{78A6706F-599A-4CBD-B867-C6FE053788D3}.Release|Any CPU.ActiveCfg = Release|Any CPU
		{78A6706F-599A-4CBD-B867-C6FE053788D3}.Release|Any CPU.Build.0 = Release|Any CPU
		{3AB84CBA-75AF-4027-A398-0AB8CD4C004E}.Coverage|Any CPU.ActiveCfg = Coverage|Any CPU
		{3AB84CBA-75AF-4027-A398-0AB8CD4C004E}.Coverage|Any CPU.Build.0 = Coverage|Any CPU
		{3AB84CBA-75AF-4027-A398-0AB8CD4C004E}.Debug|Any CPU.ActiveCfg = Debug|Any CPU
		{3AB84CBA-75AF-4027-A398-0AB8CD4C004E}.Debug|Any CPU.Build.0 = Debug|Any CPU
		{3AB84CBA-75AF-4027-A398-0AB8CD4C004E}.Release|Any CPU.ActiveCfg = Release|Any CPU
		{3AB84CBA-75AF-4027-A398-0AB8CD4C004E}.Release|Any CPU.Build.0 = Release|Any CPU
		{FF559CD8-5FFE-4460-A6BC-84F8F7A05CB7}.Coverage|Any CPU.ActiveCfg = Coverage|Any CPU
		{FF559CD8-5FFE-4460-A6BC-84F8F7A05CB7}.Coverage|Any CPU.Build.0 = Coverage|Any CPU
		{FF559CD8-5FFE-4460-A6BC-84F8F7A05CB7}.Debug|Any CPU.ActiveCfg = Debug|Any CPU
		{FF559CD8-5FFE-4460-A6BC-84F8F7A05CB7}.Debug|Any CPU.Build.0 = Debug|Any CPU
		{FF559CD8-5FFE-4460-A6BC-84F8F7A05CB7}.Release|Any CPU.ActiveCfg = Release|Any CPU
		{FF559CD8-5FFE-4460-A6BC-84F8F7A05CB7}.Release|Any CPU.Build.0 = Release|Any CPU
		{06356707-146F-48F7-9C18-7E5D3D67E765}.Coverage|Any CPU.ActiveCfg = Coverage|Any CPU
		{06356707-146F-48F7-9C18-7E5D3D67E765}.Coverage|Any CPU.Build.0 = Coverage|Any CPU
		{06356707-146F-48F7-9C18-7E5D3D67E765}.Debug|Any CPU.ActiveCfg = Debug|Any CPU
		{06356707-146F-48F7-9C18-7E5D3D67E765}.Debug|Any CPU.Build.0 = Debug|Any CPU
		{06356707-146F-48F7-9C18-7E5D3D67E765}.Release|Any CPU.ActiveCfg = Release|Any CPU
		{06356707-146F-48F7-9C18-7E5D3D67E765}.Release|Any CPU.Build.0 = Release|Any CPU
		{6A43C6FD-75F7-4955-847E-E7F189859244}.Coverage|Any CPU.ActiveCfg = Coverage|Any CPU
		{6A43C6FD-75F7-4955-847E-E7F189859244}.Coverage|Any CPU.Build.0 = Coverage|Any CPU
		{6A43C6FD-75F7-4955-847E-E7F189859244}.Debug|Any CPU.ActiveCfg = Debug|Any CPU
		{6A43C6FD-75F7-4955-847E-E7F189859244}.Debug|Any CPU.Build.0 = Debug|Any CPU
		{6A43C6FD-75F7-4955-847E-E7F189859244}.Release|Any CPU.ActiveCfg = Release|Any CPU
		{6A43C6FD-75F7-4955-847E-E7F189859244}.Release|Any CPU.Build.0 = Release|Any CPU
		{B497DFCD-FAA7-4F48-B4F5-92B308E1C3E5}.Coverage|Any CPU.ActiveCfg = Coverage|Any CPU
		{B497DFCD-FAA7-4F48-B4F5-92B308E1C3E5}.Coverage|Any CPU.Build.0 = Coverage|Any CPU
		{B497DFCD-FAA7-4F48-B4F5-92B308E1C3E5}.Debug|Any CPU.ActiveCfg = Debug|Any CPU
		{B497DFCD-FAA7-4F48-B4F5-92B308E1C3E5}.Debug|Any CPU.Build.0 = Debug|Any CPU
		{B497DFCD-FAA7-4F48-B4F5-92B308E1C3E5}.Release|Any CPU.ActiveCfg = Release|Any CPU
		{B497DFCD-FAA7-4F48-B4F5-92B308E1C3E5}.Release|Any CPU.Build.0 = Release|Any CPU
		{53B1F8D7-0F01-4AD4-8A71-741E9592BCB0}.Coverage|Any CPU.ActiveCfg = Coverage|Any CPU
		{53B1F8D7-0F01-4AD4-8A71-741E9592BCB0}.Coverage|Any CPU.Build.0 = Coverage|Any CPU
		{53B1F8D7-0F01-4AD4-8A71-741E9592BCB0}.Debug|Any CPU.ActiveCfg = Debug|Any CPU
		{53B1F8D7-0F01-4AD4-8A71-741E9592BCB0}.Debug|Any CPU.Build.0 = Debug|Any CPU
		{53B1F8D7-0F01-4AD4-8A71-741E9592BCB0}.Release|Any CPU.ActiveCfg = Release|Any CPU
		{53B1F8D7-0F01-4AD4-8A71-741E9592BCB0}.Release|Any CPU.Build.0 = Release|Any CPU
		{C87AE9B3-AEF3-4989-B6E6-DDE0CE181C40}.Coverage|Any CPU.ActiveCfg = Coverage|Any CPU
		{C87AE9B3-AEF3-4989-B6E6-DDE0CE181C40}.Coverage|Any CPU.Build.0 = Coverage|Any CPU
		{C87AE9B3-AEF3-4989-B6E6-DDE0CE181C40}.Debug|Any CPU.ActiveCfg = Debug|Any CPU
		{C87AE9B3-AEF3-4989-B6E6-DDE0CE181C40}.Debug|Any CPU.Build.0 = Debug|Any CPU
		{C87AE9B3-AEF3-4989-B6E6-DDE0CE181C40}.Release|Any CPU.ActiveCfg = Release|Any CPU
		{C87AE9B3-AEF3-4989-B6E6-DDE0CE181C40}.Release|Any CPU.Build.0 = Release|Any CPU
		{D5DEE9C7-0A0A-4789-BD75-F78F5037C69A}.Coverage|Any CPU.ActiveCfg = Coverage|Any CPU
		{D5DEE9C7-0A0A-4789-BD75-F78F5037C69A}.Coverage|Any CPU.Build.0 = Coverage|Any CPU
		{D5DEE9C7-0A0A-4789-BD75-F78F5037C69A}.Debug|Any CPU.ActiveCfg = Debug|Any CPU
		{D5DEE9C7-0A0A-4789-BD75-F78F5037C69A}.Debug|Any CPU.Build.0 = Debug|Any CPU
		{D5DEE9C7-0A0A-4789-BD75-F78F5037C69A}.Release|Any CPU.ActiveCfg = Release|Any CPU
		{D5DEE9C7-0A0A-4789-BD75-F78F5037C69A}.Release|Any CPU.Build.0 = Release|Any CPU
		{DA5A72B9-EEED-4CFF-97A4-C5FE6BC90FB6}.Coverage|Any CPU.ActiveCfg = Coverage|Any CPU
		{DA5A72B9-EEED-4CFF-97A4-C5FE6BC90FB6}.Coverage|Any CPU.Build.0 = Coverage|Any CPU
		{DA5A72B9-EEED-4CFF-97A4-C5FE6BC90FB6}.Debug|Any CPU.ActiveCfg = Debug|Any CPU
		{DA5A72B9-EEED-4CFF-97A4-C5FE6BC90FB6}.Debug|Any CPU.Build.0 = Debug|Any CPU
		{DA5A72B9-EEED-4CFF-97A4-C5FE6BC90FB6}.Release|Any CPU.ActiveCfg = Release|Any CPU
		{DA5A72B9-EEED-4CFF-97A4-C5FE6BC90FB6}.Release|Any CPU.Build.0 = Release|Any CPU
		{B9FAE3D9-FB45-479B-ADAE-5A81B0EED0A8}.Coverage|Any CPU.ActiveCfg = Coverage|Any CPU
		{B9FAE3D9-FB45-479B-ADAE-5A81B0EED0A8}.Coverage|Any CPU.Build.0 = Coverage|Any CPU
		{B9FAE3D9-FB45-479B-ADAE-5A81B0EED0A8}.Debug|Any CPU.ActiveCfg = Debug|Any CPU
		{B9FAE3D9-FB45-479B-ADAE-5A81B0EED0A8}.Debug|Any CPU.Build.0 = Debug|Any CPU
		{B9FAE3D9-FB45-479B-ADAE-5A81B0EED0A8}.Release|Any CPU.ActiveCfg = Release|Any CPU
		{B9FAE3D9-FB45-479B-ADAE-5A81B0EED0A8}.Release|Any CPU.Build.0 = Release|Any CPU
		{6C953298-9D57-49A7-8123-C110A99EADA6}.Coverage|Any CPU.ActiveCfg = Debug|Any CPU
		{6C953298-9D57-49A7-8123-C110A99EADA6}.Coverage|Any CPU.Build.0 = Debug|Any CPU
		{6C953298-9D57-49A7-8123-C110A99EADA6}.Debug|Any CPU.ActiveCfg = Debug|Any CPU
		{6C953298-9D57-49A7-8123-C110A99EADA6}.Debug|Any CPU.Build.0 = Debug|Any CPU
		{6C953298-9D57-49A7-8123-C110A99EADA6}.Release|Any CPU.ActiveCfg = Release|Any CPU
		{6C953298-9D57-49A7-8123-C110A99EADA6}.Release|Any CPU.Build.0 = Release|Any CPU
	EndGlobalSection
	GlobalSection(SolutionProperties) = preSolution
		HideSolutionNode = FALSE
	EndGlobalSection
	GlobalSection(NestedProjects) = preSolution
		{2BB29E61-02DD-4745-A3A2-145711D5FFB8} = {843C8ED0-4792-40E0-8903-A3E5FF74A0A3}
		{5D358A61-8266-4739-845D-E6E973B71995} = {843C8ED0-4792-40E0-8903-A3E5FF74A0A3}
		{78A6706F-599A-4CBD-B867-C6FE053788D3} = {843C8ED0-4792-40E0-8903-A3E5FF74A0A3}
		{3AB84CBA-75AF-4027-A398-0AB8CD4C004E} = {AE749C50-94C1-445C-B13F-E9D19372CBDB}
		{FF559CD8-5FFE-4460-A6BC-84F8F7A05CB7} = {AE749C50-94C1-445C-B13F-E9D19372CBDB}
		{06356707-146F-48F7-9C18-7E5D3D67E765} = {AE749C50-94C1-445C-B13F-E9D19372CBDB}
		{6A43C6FD-75F7-4955-847E-E7F189859244} = {843C8ED0-4792-40E0-8903-A3E5FF74A0A3}
		{B497DFCD-FAA7-4F48-B4F5-92B308E1C3E5} = {AE749C50-94C1-445C-B13F-E9D19372CBDB}
		{53B1F8D7-0F01-4AD4-8A71-741E9592BCB0} = {843C8ED0-4792-40E0-8903-A3E5FF74A0A3}
		{C87AE9B3-AEF3-4989-B6E6-DDE0CE181C40} = {AE749C50-94C1-445C-B13F-E9D19372CBDB}
		{D5DEE9C7-0A0A-4789-BD75-F78F5037C69A} = {843C8ED0-4792-40E0-8903-A3E5FF74A0A3}
		{DA5A72B9-EEED-4CFF-97A4-C5FE6BC90FB6} = {AE749C50-94C1-445C-B13F-E9D19372CBDB}
		{B9FAE3D9-FB45-479B-ADAE-5A81B0EED0A8} = {AE749C50-94C1-445C-B13F-E9D19372CBDB}
		{6C953298-9D57-49A7-8123-C110A99EADA6} = {843C8ED0-4792-40E0-8903-A3E5FF74A0A3}
	EndGlobalSection
	GlobalSection(ExtensibilityGlobals) = postSolution
		SolutionGuid = {BC80F7F7-4B53-4822-BFCB-50AC6E0EE384}
	EndGlobalSection
EndGlobal
